
Microsoft Visual Studio Solution File, Format Version 12.00
# Visual Studio 15
VisualStudioVersion = 15.0.28307.645
MinimumVisualStudioVersion = 10.0.40219.1
Project("{FAE04EC0-301F-11D3-BF4B-00C04F79EFBC}") = "01_Resources", "Lesson_4_Resources\01_Resources.csproj", "{F50BCBF9-8B19-46B3-9997-4B1C90A49E39}"
EndProject
Project("{FAE04EC0-301F-11D3-BF4B-00C04F79EFBC}") = "02_Styles", "02_Styles\02_Styles.csproj", "{6749790F-3684-48B8-8832-42A9C5692F78}"
EndProject
Global
	GlobalSection(SolutionConfigurationPlatforms) = preSolution
		Debug|Any CPU = Debug|Any CPU
		Release|Any CPU = Release|Any CPU
	EndGlobalSection
	GlobalSection(ProjectConfigurationPlatforms) = postSolution
		{F50BCBF9-8B19-46B3-9997-4B1C90A49E39}.Debug|Any CPU.ActiveCfg = Debug|Any CPU
		{F50BCBF9-8B19-46B3-9997-4B1C90A49E39}.Debug|Any CPU.Build.0 = Debug|Any CPU
		{F50BCBF9-8B19-46B3-9997-4B1C90A49E39}.Release|Any CPU.ActiveCfg = Release|Any CPU
		{F50BCBF9-8B19-46B3-9997-4B1C90A49E39}.Release|Any CPU.Build.0 = Release|Any CPU
		{6749790F-3684-48B8-8832-42A9C5692F78}.Debug|Any CPU.ActiveCfg = Debug|Any CPU
		{6749790F-3684-48B8-8832-42A9C5692F78}.Debug|Any CPU.Build.0 = Debug|Any CPU
		{6749790F-3684-48B8-8832-42A9C5692F78}.Release|Any CPU.ActiveCfg = Release|Any CPU
		{6749790F-3684-48B8-8832-42A9C5692F78}.Release|Any CPU.Build.0 = Release|Any CPU
	EndGlobalSection
	GlobalSection(SolutionProperties) = preSolution
		HideSolutionNode = FALSE
	EndGlobalSection
	GlobalSection(ExtensibilityGlobals) = postSolution
		SolutionGuid = {7ED73E63-353D-4F8D-AAFF-158583E70A86}
	EndGlobalSection
EndGlobal
