
Microsoft Visual Studio Solution File, Format Version 12.00
# Visual Studio 15
VisualStudioVersion = 15.0.28307.645
MinimumVisualStudioVersion = 10.0.40219.1
Project("{FAE04EC0-301F-11D3-BF4B-00C04F79EFBC}") = "01_LinerGradientBrush", "Lesson_4_Binding\01_LinerGradientBrush.csproj", "{A708DFEF-25DD-4339-B418-29D0355148B6}"
EndProject
Project("{FAE04EC0-301F-11D3-BF4B-00C04F79EFBC}") = "02_RadialGradientBrush_Image", "02_RadialGradientBrush\02_RadialGradientBrush_Image.csproj", "{98C9035D-D87E-44B7-BF07-FAFD8084F8EB}"
EndProject
Project("{FAE04EC0-301F-11D3-BF4B-00C04F79EFBC}") = "03_VisualBrush", "03_VisualBrush\03_VisualBrush.csproj", "{11D87050-8E82-4C5C-940E-3AB20C5AE4C2}"
EndProject
Global
	GlobalSection(SolutionConfigurationPlatforms) = preSolution
		Debug|Any CPU = Debug|Any CPU
		Release|Any CPU = Release|Any CPU
	EndGlobalSection
	GlobalSection(ProjectConfigurationPlatforms) = postSolution
		{A708DFEF-25DD-4339-B418-29D0355148B6}.Debug|Any CPU.ActiveCfg = Debug|Any CPU
		{A708DFEF-25DD-4339-B418-29D0355148B6}.Debug|Any CPU.Build.0 = Debug|Any CPU
		{A708DFEF-25DD-4339-B418-29D0355148B6}.Release|Any CPU.ActiveCfg = Release|Any CPU
		{A708DFEF-25DD-4339-B418-29D0355148B6}.Release|Any CPU.Build.0 = Release|Any CPU
		{98C9035D-D87E-44B7-BF07-FAFD8084F8EB}.Debug|Any CPU.ActiveCfg = Debug|Any CPU
		{98C9035D-D87E-44B7-BF07-FAFD8084F8EB}.Debug|Any CPU.Build.0 = Debug|Any CPU
		{98C9035D-D87E-44B7-BF07-FAFD8084F8EB}.Release|Any CPU.ActiveCfg = Release|Any CPU
		{98C9035D-D87E-44B7-BF07-FAFD8084F8EB}.Release|Any CPU.Build.0 = Release|Any CPU
		{11D87050-8E82-4C5C-940E-3AB20C5AE4C2}.Debug|Any CPU.ActiveCfg = Debug|Any CPU
		{11D87050-8E82-4C5C-940E-3AB20C5AE4C2}.Debug|Any CPU.Build.0 = Debug|Any CPU
		{11D87050-8E82-4C5C-940E-3AB20C5AE4C2}.Release|Any CPU.ActiveCfg = Release|Any CPU
		{11D87050-8E82-4C5C-940E-3AB20C5AE4C2}.Release|Any CPU.Build.0 = Release|Any CPU
	EndGlobalSection
	GlobalSection(SolutionProperties) = preSolution
		HideSolutionNode = FALSE
	EndGlobalSection
	GlobalSection(ExtensibilityGlobals) = postSolution
		SolutionGuid = {49763D40-DABE-4D52-A96F-DB85797E4179}
	EndGlobalSection
EndGlobal
